
Microsoft Visual Studio Solution File, Format Version 12.00
# Visual Studio Version 17
VisualStudioVersion = 17.11.35327.3
MinimumVisualStudioVersion = 10.0.40219.1
Project("{8BC9CEB8-8B4A-11D0-8D11-00A0C91BC942}") = "ConsoleApplication4", "ConsoleApplication4\ConsoleApplication4.vcxproj", "{92BDCA68-A024-473C-8D29-608C6E8DA344}"
EndProject
Global
	GlobalSection(SolutionConfigurationPlatforms) = preSolution
		Debug|x64 = Debug|x64
		Debug|x86 = Debug|x86
		Release|x64 = Release|x64
		Release|x86 = Release|x86
	EndGlobalSection
	GlobalSection(ProjectConfigurationPlatforms) = postSolution
		{92BDCA68-A024-473C-8D29-608C6E8DA344}.Debug|x64.ActiveCfg = Debug|x64
		{92BDCA68-A024-473C-8D29-608C6E8DA344}.Debug|x64.Build.0 = Debug|x64
		{92BDCA68-A024-473C-8D29-608C6E8DA344}.Debug|x86.ActiveCfg = Debug|Win32
		{92BDCA68-A024-473C-8D29-608C6E8DA344}.Debug|x86.Build.0 = Debug|Win32
		{92BDCA68-A024-473C-8D29-608C6E8DA344}.Release|x64.ActiveCfg = Release|x64
		{92BDCA68-A024-473C-8D29-608C6E8DA344}.Release|x64.Build.0 = Release|x64
		{92BDCA68-A024-473C-8D29-608C6E8DA344}.Release|x86.ActiveCfg = Release|Win32
		{92BDCA68-A024-473C-8D29-608C6E8DA344}.Release|x86.Build.0 = Release|Win32
	EndGlobalSection
	GlobalSection(SolutionProperties) = preSolution
		HideSolutionNode = FALSE
	EndGlobalSection
	GlobalSection(ExtensibilityGlobals) = postSolution
		SolutionGuid = {B72B06F2-0A8C-482A-BBF3-B61CD1C5DEAD}
	EndGlobalSection
EndGlobal
